
Microsoft Visual Studio Solution File, Format Version 12.00
# Visual Studio Version 17
VisualStudioVersion = 17.7.34221.43
MinimumVisualStudioVersion = 10.0.40219.1
Project("{FAE04EC0-301F-11D3-BF4B-00C04F79EFBC}") = "gitDZ", "gitDZ.csproj", "{9F9F53DF-5334-48F5-97B1-3331E267586E}"
EndProject
Global
	GlobalSection(SolutionConfigurationPlatforms) = preSolution
		Debug|Any CPU = Debug|Any CPU
		Release|Any CPU = Release|Any CPU
	EndGlobalSection
	GlobalSection(ProjectConfigurationPlatforms) = postSolution
		{9F9F53DF-5334-48F5-97B1-3331E267586E}.Debug|Any CPU.ActiveCfg = Debug|Any CPU
		{9F9F53DF-5334-48F5-97B1-3331E267586E}.Debug|Any CPU.Build.0 = Debug|Any CPU
		{9F9F53DF-5334-48F5-97B1-3331E267586E}.Release|Any CPU.ActiveCfg = Release|Any CPU
		{9F9F53DF-5334-48F5-97B1-3331E267586E}.Release|Any CPU.Build.0 = Release|Any CPU
	EndGlobalSection
	GlobalSection(SolutionProperties) = preSolution
		HideSolutionNode = FALSE
	EndGlobalSection
	GlobalSection(ExtensibilityGlobals) = postSolution
		SolutionGuid = {922CA91B-B475-4CD2-997C-0F99670105B0}
	EndGlobalSection
EndGlobal
